<?xml version="1.0" encoding="utf-8"?>
<Project ToolsVersion="4.0" xmlns="http://schemas.microsoft.com/developer/msbuild/2003">
  <ItemGroup>
    <Filter Include="src">
      <UniqueIdentifier>{0dc7ac7d-894f-4bff-9157-a5a3ea275b57}</UniqueIdentifier>
    </Filter>
  </ItemGroup>
  <ItemGroup>
    <ClCompile Include="main.cpp">
      <Filter>src</Filter>
    </ClCompile>
    <ClCompile Include="Sandbox.cpp" />
  </ItemGroup>
  <ItemGroup>
    <ClInclude Include="Sandbox.h" />
  </ItemGroup>
  <ItemGroup>
    <None Include="res\batcher.frag" />
    <None Include="res\batcher.vert" />
  </ItemGroup>
  <ItemGroup>
    <Image Include="res\alien.png" />
    <Image Include="res\spaceship.png" />
    <Image Include="res\smiley.png" />
  </ItemGroup>
  <ItemGroup>
    <Media Include="res\sound.wav" />
  </ItemGroup>
</Project>