<?xml version="1.0" encoding="utf-8"?>
<Project ToolsVersion="4.0" xmlns="http://schemas.microsoft.com/developer/msbuild/2003">
  <ItemGroup>
    <Filter Include="Source Files">
      <UniqueIdentifier>{4FC737F1-C7A5-4376-A066-2A32D752A2FF}</UniqueIdentifier>
      <Extensions>cpp;c;cc;cxx;def;odl;idl;hpj;bat;asm;asmx</Extensions>
    </Filter>
    <Filter Include="Header Files">
      <UniqueIdentifier>{93995380-89BD-4b04-88EB-625FBE52EBFB}</UniqueIdentifier>
      <Extensions>h;hh;hpp;hxx;hm;inl;inc;ipp;xsd</Extensions>
    </Filter>
    <Filter Include="Resource Files">
      <UniqueIdentifier>{67DA6AB6-F800-4c08-8B7A-83BB121AAD01}</UniqueIdentifier>
      <Extensions>rc;ico;cur;bmp;dlg;rc2;rct;bin;rgs;gif;jpg;jpeg;jpe;resx;tiff;tif;png;wav;mfcribbon-ms</Extensions>
    </Filter>
  </ItemGroup>
  <ItemGroup>
    <ClCompile Include="src\main.cpp">
      <Filter>Source Files</Filter>
    </ClCompile>
    <ClCompile Include="src\maths\vec2.cpp">
      <Filter>Source Files</Filter>
    </ClCompile>
    <ClCompile Include="src\graphics\Window.cpp">
      <Filter>Source Files</Filter>
    </ClCompile>
    <ClCompile Include="src\graphics\Shader.cpp">
      <Filter>Source Files</Filter>
    </ClCompile>
    <ClCompile Include="src\maths\vec3.cpp">
      <Filter>Source Files</Filter>
    </ClCompile>
    <ClCompile Include="src\graphics\Buffer.cpp">
      <Filter>Source Files</Filter>
    </ClCompile>
    <ClCompile Include="src\graphics\VertexArray.cpp">
      <Filter>Source Files</Filter>
    </ClCompile>
    <ClCompile Include="src\graphics\IndexBuffer.cpp">
      <Filter>Source Files</Filter>
    </ClCompile>
    <ClCompile Include="src\graphics\Sprite2D.cpp">
      <Filter>Source Files</Filter>
    </ClCompile>
    <ClCompile Include="src\maths\mat4.cpp">
      <Filter>Source Files</Filter>
    </ClCompile>
    <ClCompile Include="src\graphics\stb_image.cpp">
      <Filter>Source Files</Filter>
    </ClCompile>
    <ClCompile Include="src\graphics\Texture.cpp">
      <Filter>Source Files</Filter>
    </ClCompile>
    <ClCompile Include="src\graphics\BatchRenderer.cpp">
      <Filter>Source Files</Filter>
    </ClCompile>
    <ClCompile Include="src\maths\vec4.cpp">
      <Filter>Source Files</Filter>
    </ClCompile>
    <ClCompile Include="src\graphics\BufferLayout.cpp">
      <Filter>Source Files</Filter>
    </ClCompile>
    <ClCompile Include="src\maths\maths.cpp">
      <Filter>Source Files</Filter>
    </ClCompile>
    <ClCompile Include="src\input\Input.cpp">
      <Filter>Source Files</Filter>
    </ClCompile>
    <ClCompile Include="src\utils\Time.cpp">
      <Filter>Source Files</Filter>
    </ClCompile>
    <ClCompile Include="src\utils\utils.cpp">
      <Filter>Source Files</Filter>
    </ClCompile>
    <ClCompile Include="src\platform\Entity.cpp">
      <Filter>Source Files</Filter>
    </ClCompile>
    <ClCompile Include="src\platform\System.cpp">
      <Filter>Source Files</Filter>
    </ClCompile>
    <ClCompile Include="src\platform\ComponentManager.cpp">
      <Filter>Source Files</Filter>
    </ClCompile>
    <ClCompile Include="src\platform\SystemManager.cpp">
      <Filter>Source Files</Filter>
    </ClCompile>
    <ClCompile Include="src\utils\Log.cpp">
      <Filter>Source Files</Filter>
    </ClCompile>
    <ClCompile Include="src\platform\Component.cpp">
      <Filter>Source Files</Filter>
    </ClCompile>
    <ClCompile Include="src\platform\EntityManager.cpp">
      <Filter>Source Files</Filter>
    </ClCompile>
    <ClCompile Include="src\physics\CollisionDetection.cpp">
      <Filter>Source Files</Filter>
    </ClCompile>
  </ItemGroup>
  <ItemGroup>
    <ClInclude Include="src\maths\vec2.h">
      <Filter>Header Files</Filter>
    </ClInclude>
    <ClInclude Include="src\graphics\window.h">
      <Filter>Header Files</Filter>
    </ClInclude>
    <ClInclude Include="src\utils\utils.h">
      <Filter>Header Files</Filter>
    </ClInclude>
    <ClInclude Include="src\graphics\Shader.h">
      <Filter>Header Files</Filter>
    </ClInclude>
    <ClInclude Include="src\maths\vec3.h">
      <Filter>Header Files</Filter>
    </ClInclude>
    <ClInclude Include="src\maths\maths.h">
      <Filter>Header Files</Filter>
    </ClInclude>
    <ClInclude Include="src\graphics\Buffer.h">
      <Filter>Header Files</Filter>
    </ClInclude>
    <ClInclude Include="src\utils\Timer.h">
      <Filter>Header Files</Filter>
    </ClInclude>
    <ClInclude Include="src\graphics\graphics.h">
      <Filter>Header Files</Filter>
    </ClInclude>
    <ClInclude Include="src\input\input.h">
      <Filter>Header Files</Filter>
    </ClInclude>
    <ClInclude Include="src\graphics\BufferLayout.h">
      <Filter>Header Files</Filter>
    </ClInclude>
    <ClInclude Include="src\graphics\VertexArray.h">
      <Filter>Header Files</Filter>
    </ClInclude>
    <ClInclude Include="src\graphics\IndexBuffer.h">
      <Filter>Header Files</Filter>
    </ClInclude>
    <ClInclude Include="src\graphics\Sprite2D.h">
      <Filter>Header Files</Filter>
    </ClInclude>
    <ClInclude Include="src\maths\mat4.h">
      <Filter>Header Files</Filter>
    </ClInclude>
    <ClInclude Include="src\graphics\stb_image.h">
      <Filter>Header Files</Filter>
    </ClInclude>
    <ClInclude Include="src\graphics\Texture.h">
      <Filter>Header Files</Filter>
    </ClInclude>
    <ClInclude Include="src\graphics\BatchRenderer.h">
      <Filter>Header Files</Filter>
    </ClInclude>
    <ClInclude Include="src\maths\vec4.h">
      <Filter>Header Files</Filter>
    </ClInclude>
    <ClInclude Include="src\utils\Time.h">
      <Filter>Header Files</Filter>
    </ClInclude>
    <ClInclude Include="src\graphics\GL.h">
      <Filter>Header Files</Filter>
    </ClInclude>
    <ClInclude Include="src\platform\Component.h">
      <Filter>Header Files</Filter>
    </ClInclude>
    <ClInclude Include="src\platform\platform.h">
      <Filter>Header Files</Filter>
    </ClInclude>
    <ClInclude Include="src\platform\Entity.h">
      <Filter>Header Files</Filter>
    </ClInclude>
    <ClInclude Include="src\platform\System.h">
      <Filter>Header Files</Filter>
    </ClInclude>
    <ClInclude Include="src\platform\ComponentManager.h">
      <Filter>Header Files</Filter>
    </ClInclude>
    <ClInclude Include="src\platform\SystemManager.h">
      <Filter>Header Files</Filter>
    </ClInclude>
    <ClInclude Include="src\utils\Log.h">
      <Filter>Header Files</Filter>
    </ClInclude>
    <ClInclude Include="src\Systems.h">
      <Filter>Header Files</Filter>
    </ClInclude>
    <ClInclude Include="src\platform\EntityManager.h">
      <Filter>Header Files</Filter>
    </ClInclude>
    <ClInclude Include="src\physics\CollisionDetection.h">
      <Filter>Header Files</Filter>
    </ClInclude>
    <ClInclude Include="src\physics\physics.h">
      <Filter>Header Files</Filter>
    </ClInclude>
    <ClInclude Include="src\utils\rang.hpp">
      <Filter>Header Files</Filter>
    </ClInclude>
  </ItemGroup>
  <ItemGroup>
    <None Include="res\basic.vert" />
    <None Include="res\basic.frag" />
    <None Include="res\instanced.vert" />
    <None Include="res\instanced.frag" />
    <None Include="res\batcher.vert" />
    <None Include="res\batcher.frag" />
  </ItemGroup>
  <ItemGroup>
    <Image Include="res\smiley.png">
      <Filter>Resource Files</Filter>
    </Image>
    <Image Include="res\sadface.png">
      <Filter>Resource Files</Filter>
    </Image>
    <Image Include="res\spaceship.png">
      <Filter>Resource Files</Filter>
    </Image>
    <Image Include="res\alien.png">
      <Filter>Resource Files</Filter>
    </Image>
  </ItemGroup>
</Project>